
Microsoft Visual Studio Solution File, Format Version 12.00
# Visual Studio Version 17
VisualStudioVersion = 17.9.34607.119
MinimumVisualStudioVersion = 10.0.40219.1
Project("{8BC9CEB8-8B4A-11D0-8D11-00A0C91BC942}") = "01_08_Cuma", "01_08_Cuma.vcxproj", "{4B35658B-75E4-4DC0-B4E4-891F31BF3DC6}"
EndProject
Global
	GlobalSection(SolutionConfigurationPlatforms) = preSolution
		Debug|x64 = Debug|x64
		Debug|x86 = Debug|x86
		Release|x64 = Release|x64
		Release|x86 = Release|x86
	EndGlobalSection
	GlobalSection(ProjectConfigurationPlatforms) = postSolution
		{4B35658B-75E4-4DC0-B4E4-891F31BF3DC6}.Debug|x64.ActiveCfg = Debug|x64
		{4B35658B-75E4-4DC0-B4E4-891F31BF3DC6}.Debug|x64.Build.0 = Debug|x64
		{4B35658B-75E4-4DC0-B4E4-891F31BF3DC6}.Debug|x86.ActiveCfg = Debug|Win32
		{4B35658B-75E4-4DC0-B4E4-891F31BF3DC6}.Debug|x86.Build.0 = Debug|Win32
		{4B35658B-75E4-4DC0-B4E4-891F31BF3DC6}.Release|x64.ActiveCfg = Release|x64
		{4B35658B-75E4-4DC0-B4E4-891F31BF3DC6}.Release|x64.Build.0 = Release|x64
		{4B35658B-75E4-4DC0-B4E4-891F31BF3DC6}.Release|x86.ActiveCfg = Release|Win32
		{4B35658B-75E4-4DC0-B4E4-891F31BF3DC6}.Release|x86.Build.0 = Release|Win32
	EndGlobalSection
	GlobalSection(SolutionProperties) = preSolution
		HideSolutionNode = FALSE
	EndGlobalSection
	GlobalSection(ExtensibilityGlobals) = postSolution
		SolutionGuid = {88A99E20-9145-4694-9CB4-AD0EEC981895}
	EndGlobalSection
EndGlobal
